dependencies:
- name: common
  repository: https://charts.bitnami.com/bitnami
  version: 2.8.0
- name: k8s-otel-collector
  repository: https://helm.equinixmetal.com
  version: 0.6.1
digest: sha256:96a0500b0a1471ecc8df0607d116f47e5d77076d9a11f27660625a13796694b7
generated: "2023-08-10T22:26:21.049199153Z"
