dependencies:
- name: common
  repository: https://charts.bitnami.com/bitnami
  version: 2.4.0
- name: k8s-otel-collector
  repository: https://helm.equinixmetal.com
  version: 0.9.1
digest: sha256:c75a46913c1d0108107eb78418d978267ae34c89585cbb290b1215537f6a9967
generated: "2023-08-10T22:26:34.700467034Z"
